
Microsoft Visual Studio Solution File, Format Version 12.00
# Visual Studio 15
VisualStudioVersion = 15.0.27004.2010
MinimumVisualStudioVersion = 10.0.40219.1
Project("{FAE04EC0-301F-11D3-BF4B-00C04F79EFBC}") = "Dominio", "Dominio\Dominio.csproj", "{D713EB05-E458-4EC5-A253-180D3D80BB31}"
EndProject
Project("{FAE04EC0-301F-11D3-BF4B-00C04F79EFBC}") = "Compartilhados", "Compartilhados\Compartilhados.csproj", "{FB230FA1-56C9-493A-AD12-DDB438D9E4FF}"
EndProject
Global
	GlobalSection(SolutionConfigurationPlatforms) = preSolution
		Debug|Any CPU = Debug|Any CPU
		Release|Any CPU = Release|Any CPU
	EndGlobalSection
	GlobalSection(ProjectConfigurationPlatforms) = postSolution
		{D713EB05-E458-4EC5-A253-180D3D80BB31}.Debug|Any CPU.ActiveCfg = Debug|Any CPU
		{D713EB05-E458-4EC5-A253-180D3D80BB31}.Debug|Any CPU.Build.0 = Debug|Any CPU
		{D713EB05-E458-4EC5-A253-180D3D80BB31}.Release|Any CPU.ActiveCfg = Release|Any CPU
		{D713EB05-E458-4EC5-A253-180D3D80BB31}.Release|Any CPU.Build.0 = Release|Any CPU
		{FB230FA1-56C9-493A-AD12-DDB438D9E4FF}.Debug|Any CPU.ActiveCfg = Debug|Any CPU
		{FB230FA1-56C9-493A-AD12-DDB438D9E4FF}.Debug|Any CPU.Build.0 = Debug|Any CPU
		{FB230FA1-56C9-493A-AD12-DDB438D9E4FF}.Release|Any CPU.ActiveCfg = Release|Any CPU
		{FB230FA1-56C9-493A-AD12-DDB438D9E4FF}.Release|Any CPU.Build.0 = Release|Any CPU
	EndGlobalSection
	GlobalSection(SolutionProperties) = preSolution
		HideSolutionNode = FALSE
	EndGlobalSection
	GlobalSection(ExtensibilityGlobals) = postSolution
		SolutionGuid = {D81906F8-6866-4881-A85F-6884AAABD6F9}
	EndGlobalSection
EndGlobal
